bitbucket.org/cargamos/saas-apiv3-lib-temp/othermod v1.0.0 h1:UQ/w+p3rqHmCmgLCzLJjvW2e3p8FoqKvzus0j5KHNP8=
bitbucket.org/cargamos/saas-apiv3-lib-temp/othermod v1.0.0/go.mod h1:XsGcgMZnGnv0QQORQ5e4/MWVAAvW+lD1B92pSwJQuQA=
bitbucket.org/cargamos/saas-apiv3-lib-temp/othermod v1.0.1 h1:/SjEQ9hmHO6pNOhqSRvhPVgBEy8x1PC6jTQEfOn79nw=
bitbucket.org/cargamos/saas-apiv3-lib-temp/othermod v1.0.1/go.mod h1:XsGcgMZnGnv0QQORQ5e4/MWVAAvW+lD1B92pSwJQuQA=
bitbucket.org/cargamos/saas-apiv3-lib-temp/submodule v1.0.0 h1:ThZlqpfmbyqh9vqP/pDpJvohYTmra08pUZ9bP8SsAro=
bitbucket.org/cargamos/saas-apiv3-lib-temp/submodule v1.0.0/go.mod h1:bsbWfeNcteGSZfYQkGCQhGuOE+n4UN4P8tO2HD6P0wo=
bitbucket.org/cargamos/saas-apiv3-lib-temp/submodule/v2 v2.0.0 h1:Sq2vvPZaNKWQjPiw6Sv0MIjZi7EProqpOghpVG5Xrao=
bitbucket.org/cargamos/saas-apiv3-lib-temp/submodule/v2 v2.0.0/go.mod h1:XXL/Okiou45yaZzT368ezPpaCfvUsc7xthMazW39ESw=
github.com/rzamoramx/test-go-modules/othermodule v1.0.0 h1:/PXlMf3WjWrjFs0IJRKJDsqksWISgXq9KM/ulERBxo0=
github.com/rzamoramx/test-go-modules/othermodule v1.0.0/go.mod h1:XTPpBnkEQJ/3D4wbABZIZYtV6bYvytJh01gHt89B4Bk=
github.com/rzamoramx/test-go-modules/othermodule/v2 v2.0.0 h1:42fVg6bz68XwDQQW9SE+Rxo642BBt1+T+QgJECvJy8o=
github.com/rzamoramx/test-go-modules/othermodule/v2 v2.0.0/go.mod h1:Sb8bYKpQ3CN+hE0y1gKLJUzm23ooruuOMAg0aCSk11c=
github.com/rzamoramx/test-go-modules/submodule v0.0.2 h1:uMnJuG2PV/UnbCwUIoRdJZw5SwUdWPkq/vpPXPUHsmU=
github.com/rzamoramx/test-go-modules/submodule v0.0.2/go.mod h1:laQ6+G/5cCBIZmI6vgi4QXP78AsLC/zCTJQPz71SKIc=
github.com/rzamoramx/test-go-modules/submodule/v2 v2.0.1 h1:UFJKHCXx81kQQolfA/gOAb6cCtkpQe7w8tUNgvFOorY=
github.com/rzamoramx/test-go-modules/submodule/v2 v2.0.1/go.mod h1:E7oPRSPVY3nX6TA53IJyxL/cuMbTuHHvJHGQF3yoI80=
github.com/rzamoramx/test-go-modules/submodule/v2 v2.0.2 h1:p3OfNlqpo3joZHVw96GIUpf4maCKWDSTt483A9DmHVI=
github.com/rzamoramx/test-go-modules/submodule/v2 v2.0.2/go.mod h1:E7oPRSPVY3nX6TA53IJyxL/cuMbTuHHvJHGQF3yoI80=
